
Microsoft Visual Studio Solution File, Format Version 12.00
# Visual Studio Version 17
VisualStudioVersion = 17.7.34031.279
MinimumVisualStudioVersion = 10.0.40219.1
Project("{FAE04EC0-301F-11D3-BF4B-00C04F79EFBC}") = "PRAC.S11.EntityF", "PRAC.S11.EntityF.csproj", "{E36A7127-5E20-4C50-AFBF-1C74F2D3ACEE}"
EndProject
Global
	GlobalSection(SolutionConfigurationPlatforms) = preSolution
		Debug|Any CPU = Debug|Any CPU
		Release|Any CPU = Release|Any CPU
	EndGlobalSection
	GlobalSection(ProjectConfigurationPlatforms) = postSolution
		{E36A7127-5E20-4C50-AFBF-1C74F2D3ACEE}.Debug|Any CPU.ActiveCfg = Debug|Any CPU
		{E36A7127-5E20-4C50-AFBF-1C74F2D3ACEE}.Debug|Any CPU.Build.0 = Debug|Any CPU
		{E36A7127-5E20-4C50-AFBF-1C74F2D3ACEE}.Release|Any CPU.ActiveCfg = Release|Any CPU
		{E36A7127-5E20-4C50-AFBF-1C74F2D3ACEE}.Release|Any CPU.Build.0 = Release|Any CPU
	EndGlobalSection
	GlobalSection(SolutionProperties) = preSolution
		HideSolutionNode = FALSE
	EndGlobalSection
	GlobalSection(ExtensibilityGlobals) = postSolution
		SolutionGuid = {14F196CE-A503-482B-8A7D-2370028BC0CA}
	EndGlobalSection
EndGlobal
